# THIS IS AN AUTOGENERATED FILE. DO NOT EDIT THIS FILE DIRECTLY.
# yarn lockfile v1


"@nestjs/mapped-types@^1.2.0":
  version "1.2.0"
  resolved "https://registry.yarnpkg.com/@nestjs/mapped-types/-/mapped-types-1.2.0.tgz#1bbdbb5c956f0adb3fd76add929137bc6ad3183f"
  integrity sha512-NTFwPZkQWsArQH8QSyFWGZvJ08gR+R4TofglqZoihn/vU+ktHEJjMqsIsADwb7XD97DhiD+TVv5ac+jG33BHrg==
